// !$*UTF8*$!
{
	archiveVersion = 1;
	classes = {
	};
	objectVersion = 50;
	objects = {

/* Begin PBXBuildFile section */
		CC3CE2002406762F00F212BF /* AppDelegate.swift in Sources */ = {isa = PBXBuildFile; fileRef = CC3CE1FF2406762F00F212BF /* AppDelegate.swift */; };
		CC3CE2022406762F00F212BF /* SceneDelegate.swift in Sources */ = {isa = PBXBuildFile; fileRef = CC3CE2012406762F00F212BF /* SceneDelegate.swift */; };
		CC3CE2042406762F00F212BF /* MainViewController.swift in Sources */ = {isa = PBXBuildFile; fileRef = CC3CE2032406762F00F212BF /* MainViewController.swift */; };
		CC3CE2072406762F00F212BF /* Main.storyboard in Resources */ = {isa = PBXBuildFile; fileRef = CC3CE2052406762F00F212BF /* Main.storyboard */; };
		CC3CE2092406763000F212BF /* Assets.xcassets in Resources */ = {isa = PBXBuildFile; fileRef = CC3CE2082406763000F212BF /* Assets.xcassets */; };
		CC3CE20C2406763000F212BF /* LaunchScreen.storyboard in Resources */ = {isa = PBXBuildFile; fileRef = CC3CE20A2406763000F212BF /* LaunchScreen.storyboard */; };
		CCB20E7A2406AA320056C6BC /* ResultViewController.swift in Sources */ = {isa = PBXBuildFile; fileRef = CCB20E782406AA320056C6BC /* ResultViewController.swift */; };
		CCB20E7B2406AA320056C6BC /* ResultViewController.xib in Resources */ = {isa = PBXBuildFile; fileRef = CCB20E792406AA320056C6BC /* ResultViewController.xib */; };
		CCB20E7D2406B4890056C6BC /* ImageProvider.swift in Sources */ = {isa = PBXBuildFile; fileRef = CCB20E7C2406B4890056C6BC /* ImageProvider.swift */; };
/* End PBXBuildFile section */

/* Begin PBXFileReference section */
		CC3CE1FC2406762F00F212BF /* TEST_XYYZ.app */ = {isa = PBXFileReference; explicitFileType = wrapper.application; includeInIndex = 0; path = TEST_XYYZ.app; sourceTree = BUILT_PRODUCTS_DIR; };
		CC3CE1FF2406762F00F212BF /* AppDelegate.swift */ = {isa = PBXFileReference; lastKnownFileType = sourcecode.swift; path = AppDelegate.swift; sourceTree = "<group>"; };
		CC3CE2012406762F00F212BF /* SceneDelegate.swift */ = {isa = PBXFileReference; lastKnownFileType = sourcecode.swift; path = SceneDelegate.swift; sourceTree = "<group>"; };
		CC3CE2032406762F00F212BF /* MainViewController.swift */ = {isa = PBXFileReference; lastKnownFileType = sourcecode.swift; path = MainViewController.swift; sourceTree = "<group>"; };
		CC3CE2062406762F00F212BF /* Base */ = {isa = PBXFileReference; lastKnownFileType = file.storyboard; name = Base; path = Base.lproj/Main.storyboard; sourceTree = "<group>"; };
		CC3CE2082406763000F212BF /* Assets.xcassets */ = {isa = PBXFileReference; lastKnownFileType = folder.assetcatalog; path = Assets.xcassets; sourceTree = "<group>"; };
		CC3CE20B2406763000F212BF /* Base */ = {isa = PBXFileReference; lastKnownFileType = file.storyboard; name = Base; path = Base.lproj/LaunchScreen.storyboard; sourceTree = "<group>"; };
		CC3CE20D2406763000F212BF /* Info.plist */ = {isa = PBXFileReference; lastKnownFileType = text.plist.xml; path = Info.plist; sourceTree = "<group>"; };
		CCB20E782406AA320056C6BC /* ResultViewController.swift */ = {isa = PBXFileReference; lastKnownFileType = sourcecode.swift; path = ResultViewController.swift; sourceTree = "<group>"; };
		CCB20E792406AA320056C6BC /* ResultViewController.xib */ = {isa = PBXFileReference; lastKnownFileType = file.xib; path = ResultViewController.xib; sourceTree = "<group>"; };
		CCB20E7C2406B4890056C6BC /* ImageProvider.swift */ = {isa = PBXFileReference; lastKnownFileType = sourcecode.swift; path = ImageProvider.swift; sourceTree = "<group>"; };
/* End PBXFileReference section */

/* Begin PBXFrameworksBuildPhase section */
		CC3CE1F92406762F00F212BF /* Frameworks */ = {
			isa = PBXFrameworksBuildPhase;
			buildActionMask = 2147483647;
			files = (
			);
			runOnlyForDeploymentPostprocessing = 0;
		};
/* End PBXFrameworksBuildPhase section */

/* Begin PBXGroup section */
		CC3CE1F32406762F00F212BF = {
			isa = PBXGroup;
			children = (
				CC3CE1FE2406762F00F212BF /* TEST_XYYZ */,
				CC3CE1FD2406762F00F212BF /* Products */,
			);
			sourceTree = "<group>";
		};
		CC3CE1FD2406762F00F212BF /* Products */ = {
			isa = PBXGroup;
			children = (
				CC3CE1FC2406762F00F212BF /* TEST_XYYZ.app */,
			);
			name = Products;
			sourceTree = "<group>";
		};
		CC3CE1FE2406762F00F212BF /* TEST_XYYZ */ = {
			isa = PBXGroup;
			children = (
				CC3CE1FF2406762F00F212BF /* AppDelegate.swift */,
				CC3CE2012406762F00F212BF /* SceneDelegate.swift */,
				CCB20E7C2406B4890056C6BC /* ImageProvider.swift */,
				CCB20E782406AA320056C6BC /* ResultViewController.swift */,
				CCB20E792406AA320056C6BC /* ResultViewController.xib */,
				CC3CE2032406762F00F212BF /* MainViewController.swift */,
				CC3CE2052406762F00F212BF /* Main.storyboard */,
				CC3CE2082406763000F212BF /* Assets.xcassets */,
				CC3CE20A2406763000F212BF /* LaunchScreen.storyboard */,
				CC3CE20D2406763000F212BF /* Info.plist */,
			);
			path = TEST_XYYZ;
			sourceTree = "<group>";
		};
/* End PBXGroup section */

/* Begin PBXNativeTarget section */
		CC3CE1FB2406762F00F212BF /* TEST_XYYZ */ = {
			isa = PBXNativeTarget;
			buildConfigurationList = CC3CE2102406763000F212BF /* Build configuration list for PBXNativeTarget "TEST_XYYZ" */;
			buildPhases = (
				CC3CE1F82406762F00F212BF /* Sources */,
				CC3CE1F92406762F00F212BF /* Frameworks */,
				CC3CE1FA2406762F00F212BF /* Resources */,
			);
			buildRules = (
			);
			dependencies = (
			);
			name = TEST_XYYZ;
			productName = TEST_XYYZ;
			productReference = CC3CE1FC2406762F00F212BF /* TEST_XYYZ.app */;
			productType = "com.apple.product-type.application";
		};
/* End PBXNativeTarget section */

/* Begin PBXProject section */
		CC3CE1F42406762F00F212BF /* Project object */ = {
			isa = PBXProject;
			attributes = {
				LastSwiftUpdateCheck = 1110;
				LastUpgradeCheck = 1110;
				ORGANIZATIONNAME = "Tuan Anh";
				TargetAttributes = {
					CC3CE1FB2406762F00F212BF = {
						CreatedOnToolsVersion = 11.1;
					};
				};
			};
			buildConfigurationList = CC3CE1F72406762F00F212BF /* Build configuration list for PBXProject "TEST_XYYZ" */;
			compatibilityVersion = "Xcode 9.3";
			developmentRegion = en;
			hasScannedForEncodings = 0;
			knownRegions = (
				en,
				Base,
			);
			mainGroup = CC3CE1F32406762F00F212BF;
			productRefGroup = CC3CE1FD2406762F00F212BF /* Products */;
			projectDirPath = "";
			projectRoot = "";
			targets = (
				CC3CE1FB2406762F00F212BF /* TEST_XYYZ */,
			);
		};
/* End PBXProject section */

/* Begin PBXResourcesBuildPhase section */
		CC3CE1FA2406762F00F212BF /* Resources */ = {
			isa = PBXResourcesBuildPhase;
			buildActionMask = 2147483647;
			files = (
				CC3CE20C2406763000F212BF /* LaunchScreen.storyboard in Resources */,
				CC3CE2092406763000F212BF /* Assets.xcassets in Resources */,
				CC3CE2072406762F00F212BF /* Main.storyboard in Resources */,
				CCB20E7B2406AA320056C6BC /* ResultViewController.xib in Resources */,
			);
			runOnlyForDeploymentPostprocessing = 0;
		};
/* End PBXResourcesBuildPhase section */

/* Begin PBXSourcesBuildPhase section */
		CC3CE1F82406762F00F212BF /* Sources */ = {
			isa = PBXSourcesBuildPhase;
			buildActionMask = 2147483647;
			files = (
				CCB20E7D2406B4890056C6BC /* ImageProvider.swift in Sources */,
				CC3CE2042406762F00F212BF /* MainViewController.swift in Sources */,
				CC3CE2002406762F00F212BF /* AppDelegate.swift in Sources */,
				CC3CE2022406762F00F212BF /* SceneDelegate.swift in Sources */,
				CCB20E7A2406AA320056C6BC /* ResultViewController.swift in Sources */,
			);
			runOnlyForDeploymentPostprocessing = 0;
		};
/* End PBXSourcesBuildPhase section */

/* Begin PBXVariantGroup section */
		CC3CE2052406762F00F212BF /* Main.storyboard */ = {
			isa = PBXVariantGroup;
			children = (
				CC3CE2062406762F00F212BF /* Base */,
			);
			name = Main.storyboard;
			sourceTree = "<group>";
		};
		CC3CE20A2406763000F212BF /* LaunchScreen.storyboard */ = {
			isa = PBXVariantGroup;
			children = (
				CC3CE20B2406763000F212BF /* Base */,
			);
			name = LaunchScreen.storyboard;
			sourceTree = "<group>";
		};
/* End PBXVariantGroup section */

/* Begin XCBuildConfiguration section */
		CC3CE20E2406763000F212BF /* Debug */ = {
			isa = XCBuildConfiguration;
			buildSettings = {
				ALWAYS_SEARCH_USER_PATHS = NO;
				CLANG_ANALYZER_NONNULL = YES;
				CLANG_ANALYZER_NUMBER_OBJECT_CONVERSION = YES_AGGRESSIVE;
				CLANG_CXX_LANGUAGE_STANDARD = "gnu++14";
				CLANG_CXX_LIBRARY = "libc++";
				CLANG_ENABLE_MODULES = YES;
				CLANG_ENABLE_OBJC_ARC = YES;
				CLANG_ENABLE_OBJC_WEAK = YES;
				CLANG_WARN_BLOCK_CAPTURE_AUTORELEASING = YES;
				CLANG_WARN_BOOL_CONVERSION = YES;
				CLANG_WARN_COMMA = YES;
				CLANG_WARN_CONSTANT_CONVERSION = YES;
				CLANG_WARN_DEPRECATED_OBJC_IMPLEMENTATIONS = YES;
				CLANG_WARN_DIRECT_OBJC_ISA_USAGE = YES_ERROR;
				CLANG_WARN_DOCUMENTATION_COMMENTS = YES;
				CLANG_WARN_EMPTY_BODY = YES;
				CLANG_WARN_ENUM_CONVERSION = YES;
				CLANG_WARN_INFINITE_RECURSION = YES;
				CLANG_WARN_INT_CONVERSION = YES;
				CLANG_WARN_NON_LITERAL_NULL_CONVERSION = YES;
				CLANG_WARN_OBJC_IMPLICIT_RETAIN_SELF = YES;
				CLANG_WARN_OBJC_LITERAL_CONVERSION = YES;
				CLANG_WARN_OBJC_ROOT_CLASS = YES_ERROR;
				CLANG_WARN_RANGE_LOOP_ANALYSIS = YES;
				CLANG_WARN_STRICT_PROTOTYPES = YES;
				CLANG_WARN_SUSPICIOUS_MOVE = YES;
				CLANG_WARN_UNGUARDED_AVAILABILITY = YES_AGGRESSIVE;
				CLANG_WARN_UNREACHABLE_CODE = YES;
				CLANG_WARN__DUPLICATE_METHOD_MATCH = YES;
				COPY_PHASE_STRIP = NO;
				DEBUG_INFORMATION_FORMAT = dwarf;
				ENABLE_STRICT_OBJC_MSGSEND = YES;
				ENABLE_TESTABILITY = YES;
				GCC_C_LANGUAGE_STANDARD = gnu11;
				GCC_DYNAMIC_NO_PIC = NO;
				GCC_NO_COMMON_BLOCKS = YES;
				GCC_OPTIMIZATION_LEVEL = 0;
				GCC_PREPROCESSOR_DEFINITIONS = (
					"DEBUG=1",
					"$(inherited)",
				);
				GCC_WARN_64_TO_32_BIT_CONVERSION = YES;
				GCC_WARN_ABOUT_RETURN_TYPE = YES_ERROR;
				GCC_WARN_UNDECLARED_SELECTOR = YES;
				GCC_WARN_UNINITIALIZED_AUTOS = YES_AGGRESSIVE;
				GCC_WARN_UNUSED_FUNCTION = YES;
				GCC_WARN_UNUSED_VARIABLE = YES;
				IPHONEOS_DEPLOYMENT_TARGET = 13.1;
				MTL_ENABLE_DEBUG_INFO = INCLUDE_SOURCE;
				MTL_FAST_MATH = YES;
				ONLY_ACTIVE_ARCH = YES;
				SDKROOT = iphoneos;
				SWIFT_ACTIVE_COMPILATION_CONDITIONS = DEBUG;
				SWIFT_OPTIMIZATION_LEVEL = "-Onone";
			};
			name = Debug;
		};
		CC3CE20F2406763000F212BF /* Release */ = {
			isa = XCBuildConfiguration;
			buildSettings = {
				ALWAYS_SEARCH_USER_PATHS = NO;
				CLANG_ANALYZER_NONNULL = YES;
				CLANG_ANALYZER_NUMBER_OBJECT_CONVERSION = YES_AGGRESSIVE;
				CLANG_CXX_LANGUAGE_STANDARD = "gnu++14";
				CLANG_CXX_LIBRARY = "libc++";
				CLANG_ENABLE_MODULES = YES;
				CLANG_ENABLE_OBJC_ARC = YES;
				CLANG_ENABLE_OBJC_WEAK = YES;
				CLANG_WARN_BLOCK_CAPTURE_AUTORELEASING = YES;
				CLANG_WARN_BOOL_CONVERSION = YES;
				CLANG_WARN_COMMA = YES;
				CLANG_WARN_CONSTANT_CONVERSION = YES;
				CLANG_WARN_DEPRECATED_OBJC_IMPLEMENTATIONS = YES;
				CLANG_WARN_DIRECT_OBJC_ISA_USAGE = YES_ERROR;
				CLANG_WARN_DOCUMENTATION_COMMENTS = YES;
				CLANG_WARN_EMPTY_BODY = YES;
				CLANG_WARN_ENUM_CONVERSION = YES;
				CLANG_WARN_INFINITE_RECURSION = YES;
				CLANG_WARN_INT_CONVERSION = YES;
				CLANG_WARN_NON_LITERAL_NULL_CONVERSION = YES;
				CLANG_WARN_OBJC_IMPLICIT_RETAIN_SELF = YES;
				CLANG_WARN_OBJC_LITERAL_CONVERSION = YES;
				CLANG_WARN_OBJC_ROOT_CLASS = YES_ERROR;
				CLANG_WARN_RANGE_LOOP_ANALYSIS = YES;
				CLANG_WARN_STRICT_PROTOTYPES = YES;
				CLANG_WARN_SUSPICIOUS_MOVE = YES;
				CLANG_WARN_UNGUARDED_AVAILABILITY = YES_AGGRESSIVE;
				CLANG_WARN_UNREACHABLE_CODE = YES;
				CLANG_WARN__DUPLICATE_METHOD_MATCH = YES;
				COPY_PHASE_STRIP = NO;
				DEBUG_INFORMATION_FORMAT = "dwarf-with-dsym";
				ENABLE_NS_ASSERTIONS = NO;
				ENABLE_STRICT_OBJC_MSGSEND = YES;
				GCC_C_LANGUAGE_STANDARD = gnu11;
				GCC_NO_COMMON_BLOCKS = YES;
				GCC_WARN_64_TO_32_BIT_CONVERSION = YES;
				GCC_WARN_ABOUT_RETURN_TYPE = YES_ERROR;
				GCC_WARN_UNDECLARED_SELECTOR = YES;
				GCC_WARN_UNINITIALIZED_AUTOS = YES_AGGRESSIVE;
				GCC_WARN_UNUSED_FUNCTION = YES;
				GCC_WARN_UNUSED_VARIABLE = YES;
				IPHONEOS_DEPLOYMENT_TARGET = 13.1;
				MTL_ENABLE_DEBUG_INFO = NO;
				MTL_FAST_MATH = YES;
				SDKROOT = iphoneos;
				SWIFT_COMPILATION_MODE = wholemodule;
				SWIFT_OPTIMIZATION_LEVEL = "-O";
				VALIDATE_PRODUCT = YES;
			};
			name = Release;
		};
		CC3CE2112406763000F212BF /* Debug */ = {
			isa = XCBuildConfiguration;
			buildSettings = {
				ASSETCATALOG_COMPILER_APPICON_NAME = AppIcon;
				CODE_SIGN_STYLE = Automatic;
				INFOPLIST_FILE = TEST_XYYZ/Info.plist;
				LD_RUNPATH_SEARCH_PATHS = (
					"$(inherited)",
					"@executable_path/Frameworks",
				);
				PRODUCT_BUNDLE_IDENTIFIER = "tuananh.TEST-XYYZ";
				PRODUCT_NAME = "$(TARGET_NAME)";
				SWIFT_VERSION = 5.0;
				TARGETED_DEVICE_FAMILY = "1,2";
			};
			name = Debug;
		};
		CC3CE2122406763000F212BF /* Release */ = {
			isa = XCBuildConfiguration;
			buildSettings = {
				ASSETCATALOG_COMPILER_APPICON_NAME = AppIcon;
				CODE_SIGN_STYLE = Automatic;
				INFOPLIST_FILE = TEST_XYYZ/Info.plist;
				LD_RUNPATH_SEARCH_PATHS = (
					"$(inherited)",
					"@executable_path/Frameworks",
				);
				PRODUCT_BUNDLE_IDENTIFIER = "tuananh.TEST-XYYZ";
				PRODUCT_NAME = "$(TARGET_NAME)";
				SWIFT_VERSION = 5.0;
				TARGETED_DEVICE_FAMILY = "1,2";
			};
			name = Release;
		};
/* End XCBuildConfiguration section */

/* Begin XCConfigurationList section */
		CC3CE1F72406762F00F212BF /* Build configuration list for PBXProject "TEST_XYYZ" */ = {
			isa = XCConfigurationList;
			buildConfigurations = (
				CC3CE20E2406763000F212BF /* Debug */,
				CC3CE20F2406763000F212BF /* Release */,
			);
			defaultConfigurationIsVisible = 0;
			defaultConfigurationName = Release;
		};
		CC3CE2102406763000F212BF /* Build configuration list for PBXNativeTarget "TEST_XYYZ" */ = {
			isa = XCConfigurationList;
			buildConfigurations = (
				CC3CE2112406763000F212BF /* Debug */,
				CC3CE2122406763000F212BF /* Release */,
			);
			defaultConfigurationIsVisible = 0;
			defaultConfigurationName = Release;
		};
/* End XCConfigurationList section */
	};
	rootObject = CC3CE1F42406762F00F212BF /* Project object */;
}
